// !$*UTF8*$!
{
	archiveVersion = 1;
	classes = {
	};
	objectVersion = 56;
	objects = {

/* Begin PBXBuildFile section */
		A6649D3F7B9D29CFDBD471C2 /* Pods_ObjectiveCTests.framework in Frameworks */ = {isa = PBXBuildFile; fileRef = 5520C95269703F8F6A3FEBB0 /* Pods_ObjectiveCTests.framework */; };
		BEF8F83C144B4ACB2D35875F /* Pods_ObjectiveC_ObjectiveCUITests.framework in Frameworks */ = {isa = PBXBuildFile; fileRef = 04D84BC54666F4346A0EDE91 /* Pods_ObjectiveC_ObjectiveCUITests.framework */; };
		EFBC451D65C47DFEAB66A87E /* Pods_ObjectiveC.framework in Frameworks */ = {isa = PBXBuildFile; fileRef = 2364EE10015F80A98C5726BF /* Pods_ObjectiveC.framework */; };
		FC179D1E293E028900CD0ED9 /* AppDelegate.m in Sources */ = {isa = PBXBuildFile; fileRef = FC179D1D293E028900CD0ED9 /* AppDelegate.m */; };
		FC179D21293E028900CD0ED9 /* SceneDelegate.m in Sources */ = {isa = PBXBuildFile; fileRef = FC179D20293E028900CD0ED9 /* SceneDelegate.m */; };
		FC179D24293E028900CD0ED9 /* ViewController.m in Sources */ = {isa = PBXBuildFile; fileRef = FC179D23293E028900CD0ED9 /* ViewController.m */; };
		FC179D27293E028900CD0ED9 /* Main.storyboard in Resources */ = {isa = PBXBuildFile; fileRef = FC179D25293E028900CD0ED9 /* Main.storyboard */; };
		FC179D2C293E028C00CD0ED9 /* LaunchScreen.storyboard in Resources */ = {isa = PBXBuildFile; fileRef = FC179D2A293E028C00CD0ED9 /* LaunchScreen.storyboard */; };
		FC179D2F293E028C00CD0ED9 /* main.m in Sources */ = {isa = PBXBuildFile; fileRef = FC179D2E293E028C00CD0ED9 /* main.m */; };
		FC179D39293E028C00CD0ED9 /* ObjectiveCTests.m in Sources */ = {isa = PBXBuildFile; fileRef = FC179D38293E028C00CD0ED9 /* ObjectiveCTests.m */; };
		FC179D43293E028C00CD0ED9 /* ObjectiveCUITests.m in Sources */ = {isa = PBXBuildFile; fileRef = FC179D42293E028C00CD0ED9 /* ObjectiveCUITests.m */; };
		FC179D45293E028C00CD0ED9 /* ObjectiveCUITestsLaunchTests.m in Sources */ = {isa = PBXBuildFile; fileRef = FC179D44293E028C00CD0ED9 /* ObjectiveCUITestsLaunchTests.m */; };
		FCAB3197293E042F00FADD4B /* BFile.swift in Sources */ = {isa = PBXBuildFile; fileRef = FCAB3196293E042F00FADD4B /* BFile.swift */; };
/* End PBXBuildFile section */

/* Begin PBXContainerItemProxy section */
		FC179D35293E028C00CD0ED9 /* PBXContainerItemProxy */ = {
			isa = PBXContainerItemProxy;
			containerPortal = FC179D11293E028900CD0ED9 /* Project object */;
			proxyType = 1;
			remoteGlobalIDString = FC179D18293E028900CD0ED9;
			remoteInfo = ObjectiveC;
		};
		FC179D3F293E028C00CD0ED9 /* PBXContainerItemProxy */ = {
			isa = PBXContainerItemProxy;
			containerPortal = FC179D11293E028900CD0ED9 /* Project object */;
			proxyType = 1;
			remoteGlobalIDString = FC179D18293E028900CD0ED9;
			remoteInfo = ObjectiveC;
		};
/* End PBXContainerItemProxy section */

/* Begin PBXFileReference section */
		04D84BC54666F4346A0EDE91 /* Pods_ObjectiveC_ObjectiveCUITests.framework */ = {isa = PBXFileReference; explicitFileType = wrapper.framework; includeInIndex = 0; path = Pods_ObjectiveC_ObjectiveCUITests.framework; sourceTree = BUILT_PRODUCTS_DIR; };
		14EF44C8DF5CC2DE8017AE30 /* Pods-ObjectiveC.release.xcconfig */ = {isa = PBXFileReference; includeInIndex = 1; lastKnownFileType = text.xcconfig; name = "Pods-ObjectiveC.release.xcconfig"; path = "Target Support Files/Pods-ObjectiveC/Pods-ObjectiveC.release.xcconfig"; sourceTree = "<group>"; };
		2364EE10015F80A98C5726BF /* Pods_ObjectiveC.framework */ = {isa = PBXFileReference; explicitFileType = wrapper.framework; includeInIndex = 0; path = Pods_ObjectiveC.framework; sourceTree = BUILT_PRODUCTS_DIR; };
		5520C95269703F8F6A3FEBB0 /* Pods_ObjectiveCTests.framework */ = {isa = PBXFileReference; explicitFileType = wrapper.framework; includeInIndex = 0; path = Pods_ObjectiveCTests.framework; sourceTree = BUILT_PRODUCTS_DIR; };
		CA19BE3DF24D2E5E0B5B91E5 /* Pods-ObjectiveC-ObjectiveCUITests.release.xcconfig */ = {isa = PBXFileReference; includeInIndex = 1; lastKnownFileType = text.xcconfig; name = "Pods-ObjectiveC-ObjectiveCUITests.release.xcconfig"; path = "Target Support Files/Pods-ObjectiveC-ObjectiveCUITests/Pods-ObjectiveC-ObjectiveCUITests.release.xcconfig"; sourceTree = "<group>"; };
		D05831AE90CE3320B3F5D65C /* Pods-ObjectiveCTests.release.xcconfig */ = {isa = PBXFileReference; includeInIndex = 1; lastKnownFileType = text.xcconfig; name = "Pods-ObjectiveCTests.release.xcconfig"; path = "Target Support Files/Pods-ObjectiveCTests/Pods-ObjectiveCTests.release.xcconfig"; sourceTree = "<group>"; };
		E4179313633F02764EF4E3B0 /* Pods-ObjectiveC-ObjectiveCUITests.debug.xcconfig */ = {isa = PBXFileReference; includeInIndex = 1; lastKnownFileType = text.xcconfig; name = "Pods-ObjectiveC-ObjectiveCUITests.debug.xcconfig"; path = "Target Support Files/Pods-ObjectiveC-ObjectiveCUITests/Pods-ObjectiveC-ObjectiveCUITests.debug.xcconfig"; sourceTree = "<group>"; };
		EB29897AD8AA9EFBC4F5EDC2 /* Pods-ObjectiveCTests.debug.xcconfig */ = {isa = PBXFileReference; includeInIndex = 1; lastKnownFileType = text.xcconfig; name = "Pods-ObjectiveCTests.debug.xcconfig"; path = "Target Support Files/Pods-ObjectiveCTests/Pods-ObjectiveCTests.debug.xcconfig"; sourceTree = "<group>"; };
		FBC4AC6424F1A255D54DD798 /* Pods-ObjectiveC.debug.xcconfig */ = {isa = PBXFileReference; includeInIndex = 1; lastKnownFileType = text.xcconfig; name = "Pods-ObjectiveC.debug.xcconfig"; path = "Target Support Files/Pods-ObjectiveC/Pods-ObjectiveC.debug.xcconfig"; sourceTree = "<group>"; };
		FC179D19293E028900CD0ED9 /* ObjectiveC.app */ = {isa = PBXFileReference; explicitFileType = wrapper.application; includeInIndex = 0; path = ObjectiveC.app; sourceTree = BUILT_PRODUCTS_DIR; };
		FC179D1C293E028900CD0ED9 /* AppDelegate.h */ = {isa = PBXFileReference; lastKnownFileType = sourcecode.c.h; path = AppDelegate.h; sourceTree = "<group>"; };
		FC179D1D293E028900CD0ED9 /* AppDelegate.m */ = {isa = PBXFileReference; lastKnownFileType = sourcecode.c.objc; path = AppDelegate.m; sourceTree = "<group>"; };
		FC179D1F293E028900CD0ED9 /* SceneDelegate.h */ = {isa = PBXFileReference; lastKnownFileType = sourcecode.c.h; path = SceneDelegate.h; sourceTree = "<group>"; };
		FC179D20293E028900CD0ED9 /* SceneDelegate.m */ = {isa = PBXFileReference; lastKnownFileType = sourcecode.c.objc; path = SceneDelegate.m; sourceTree = "<group>"; };
		FC179D22293E028900CD0ED9 /* ViewController.h */ = {isa = PBXFileReference; lastKnownFileType = sourcecode.c.h; path = ViewController.h; sourceTree = "<group>"; };
		FC179D23293E028900CD0ED9 /* ViewController.m */ = {isa = PBXFileReference; lastKnownFileType = sourcecode.c.objc; path = ViewController.m; sourceTree = "<group>"; };
		FC179D26293E028900CD0ED9 /* Base */ = {isa = PBXFileReference; lastKnownFileType = file.storyboard; name = Base; path = Base.lproj/Main.storyboard; sourceTree = "<group>"; };
		FC179D28293E028C00CD0ED9 /* Assets.xcassets */ = {isa = PBXFileReference; lastKnownFileType = folder.assetcatalog; path = Assets.xcassets; sourceTree = "<group>"; };
		FC179D2B293E028C00CD0ED9 /* Base */ = {isa = PBXFileReference; lastKnownFileType = file.storyboard; name = Base; path = Base.lproj/LaunchScreen.storyboard; sourceTree = "<group>"; };
		FC179D2D293E028C00CD0ED9 /* Info.plist */ = {isa = PBXFileReference; lastKnownFileType = text.plist.xml; path = Info.plist; sourceTree = "<group>"; };
		FC179D2E293E028C00CD0ED9 /* main.m */ = {isa = PBXFileReference; lastKnownFileType = sourcecode.c.objc; path = main.m; sourceTree = "<group>"; };
		FC179D34293E028C00CD0ED9 /* ObjectiveCTests.xctest */ = {isa = PBXFileReference; explicitFileType = wrapper.cfbundle; includeInIndex = 0; path = ObjectiveCTests.xctest; sourceTree = BUILT_PRODUCTS_DIR; };
		FC179D38293E028C00CD0ED9 /* ObjectiveCTests.m */ = {isa = PBXFileReference; lastKnownFileType = sourcecode.c.objc; path = ObjectiveCTests.m; sourceTree = "<group>"; };
		FC179D3E293E028C00CD0ED9 /* ObjectiveCUITests.xctest */ = {isa = PBXFileReference; explicitFileType = wrapper.cfbundle; includeInIndex = 0; path = ObjectiveCUITests.xctest; sourceTree = BUILT_PRODUCTS_DIR; };
		FC179D42293E028C00CD0ED9 /* ObjectiveCUITests.m */ = {isa = PBXFileReference; lastKnownFileType = sourcecode.c.objc; path = ObjectiveCUITests.m; sourceTree = "<group>"; };
		FC179D44293E028C00CD0ED9 /* ObjectiveCUITestsLaunchTests.m */ = {isa = PBXFileReference; lastKnownFileType = sourcecode.c.objc; path = ObjectiveCUITestsLaunchTests.m; sourceTree = "<group>"; };
		FCAB3195293E042F00FADD4B /* ObjectiveC-Bridging-Header.h */ = {isa = PBXFileReference; lastKnownFileType = sourcecode.c.h; path = "ObjectiveC-Bridging-Header.h"; sourceTree = "<group>"; };
		FCAB3196293E042F00FADD4B /* BFile.swift */ = {isa = PBXFileReference; lastKnownFileType = sourcecode.swift; path = BFile.swift; sourceTree = "<group>"; };
/* End PBXFileReference section */

/* Begin PBXFrameworksBuildPhase section */
		FC179D16293E028900CD0ED9 /* Frameworks */ = {
			isa = PBXFrameworksBuildPhase;
			buildActionMask = 2147483647;
			files = (
				EFBC451D65C47DFEAB66A87E /* Pods_ObjectiveC.framework in Frameworks */,
			);
			runOnlyForDeploymentPostprocessing = 0;
		};
		FC179D31293E028C00CD0ED9 /* Frameworks */ = {
			isa = PBXFrameworksBuildPhase;
			buildActionMask = 2147483647;
			files = (
				A6649D3F7B9D29CFDBD471C2 /* Pods_ObjectiveCTests.framework in Frameworks */,
			);
			runOnlyForDeploymentPostprocessing = 0;
		};
		FC179D3B293E028C00CD0ED9 /* Frameworks */ = {
			isa = PBXFrameworksBuildPhase;
			buildActionMask = 2147483647;
			files = (
				BEF8F83C144B4ACB2D35875F /* Pods_ObjectiveC_ObjectiveCUITests.framework in Frameworks */,
			);
			runOnlyForDeploymentPostprocessing = 0;
		};
/* End PBXFrameworksBuildPhase section */

/* Begin PBXGroup section */
		B6EA33452AD3D4C1FABC1852 /* Frameworks */ = {
			isa = PBXGroup;
			children = (
				2364EE10015F80A98C5726BF /* Pods_ObjectiveC.framework */,
				04D84BC54666F4346A0EDE91 /* Pods_ObjectiveC_ObjectiveCUITests.framework */,
				5520C95269703F8F6A3FEBB0 /* Pods_ObjectiveCTests.framework */,
			);
			name = Frameworks;
			sourceTree = "<group>";
		};
		F70FFC7ECBD221B2FC6A8B65 /* Pods */ = {
			isa = PBXGroup;
			children = (
				FBC4AC6424F1A255D54DD798 /* Pods-ObjectiveC.debug.xcconfig */,
				14EF44C8DF5CC2DE8017AE30 /* Pods-ObjectiveC.release.xcconfig */,
				E4179313633F02764EF4E3B0 /* Pods-ObjectiveC-ObjectiveCUITests.debug.xcconfig */,
				CA19BE3DF24D2E5E0B5B91E5 /* Pods-ObjectiveC-ObjectiveCUITests.release.xcconfig */,
				EB29897AD8AA9EFBC4F5EDC2 /* Pods-ObjectiveCTests.debug.xcconfig */,
				D05831AE90CE3320B3F5D65C /* Pods-ObjectiveCTests.release.xcconfig */,
			);
			path = Pods;
			sourceTree = "<group>";
		};
		FC179D10293E028900CD0ED9 = {
			isa = PBXGroup;
			children = (
				FC179D1B293E028900CD0ED9 /* ObjectiveC */,
				FC179D37293E028C00CD0ED9 /* ObjectiveCTests */,
				FC179D41293E028C00CD0ED9 /* ObjectiveCUITests */,
				FC179D1A293E028900CD0ED9 /* Products */,
				F70FFC7ECBD221B2FC6A8B65 /* Pods */,
				B6EA33452AD3D4C1FABC1852 /* Frameworks */,
			);
			sourceTree = "<group>";
		};
		FC179D1A293E028900CD0ED9 /* Products */ = {
			isa = PBXGroup;
			children = (
				FC179D19293E028900CD0ED9 /* ObjectiveC.app */,
				FC179D34293E028C00CD0ED9 /* ObjectiveCTests.xctest */,
				FC179D3E293E028C00CD0ED9 /* ObjectiveCUITests.xctest */,
			);
			name = Products;
			sourceTree = "<group>";
		};
		FC179D1B293E028900CD0ED9 /* ObjectiveC */ = {
			isa = PBXGroup;
			children = (
				FC179D1C293E028900CD0ED9 /* AppDelegate.h */,
				FC179D1D293E028900CD0ED9 /* AppDelegate.m */,
				FC179D1F293E028900CD0ED9 /* SceneDelegate.h */,
				FC179D20293E028900CD0ED9 /* SceneDelegate.m */,
				FC179D22293E028900CD0ED9 /* ViewController.h */,
				FC179D23293E028900CD0ED9 /* ViewController.m */,
				FC179D25293E028900CD0ED9 /* Main.storyboard */,
				FC179D28293E028C00CD0ED9 /* Assets.xcassets */,
				FC179D2A293E028C00CD0ED9 /* LaunchScreen.storyboard */,
				FC179D2D293E028C00CD0ED9 /* Info.plist */,
				FC179D2E293E028C00CD0ED9 /* main.m */,
				FCAB3196293E042F00FADD4B /* BFile.swift */,
				FCAB3195293E042F00FADD4B /* ObjectiveC-Bridging-Header.h */,
			);
			path = ObjectiveC;
			sourceTree = "<group>";
		};
		FC179D37293E028C00CD0ED9 /* ObjectiveCTests */ = {
			isa = PBXGroup;
			children = (
				FC179D38293E028C00CD0ED9 /* ObjectiveCTests.m */,
			);
			path = ObjectiveCTests;
			sourceTree = "<group>";
		};
		FC179D41293E028C00CD0ED9 /* ObjectiveCUITests */ = {
			isa = PBXGroup;
			children = (
				FC179D42293E028C00CD0ED9 /* ObjectiveCUITests.m */,
				FC179D44293E028C00CD0ED9 /* ObjectiveCUITestsLaunchTests.m */,
			);
			path = ObjectiveCUITests;
			sourceTree = "<group>";
		};
/* End PBXGroup section */

/* Begin PBXNativeTarget section */
		FC179D18293E028900CD0ED9 /* ObjectiveC */ = {
			isa = PBXNativeTarget;
			buildConfigurationList = FC179D48293E028C00CD0ED9 /* Build configuration list for PBXNativeTarget "ObjectiveC" */;
			buildPhases = (
				71FE099F995006B7C9D2B933 /* [CP] Check Pods Manifest.lock */,
				FC179D15293E028900CD0ED9 /* Sources */,
				FC179D16293E028900CD0ED9 /* Frameworks */,
				FC179D17293E028900CD0ED9 /* Resources */,
				942D4F5C394E0C4FC7ED069A /* [CP] Embed Pods Frameworks */,
				3B9F2FEBCA39A19D73191E5E /* [CP] Copy Pods Resources */,
			);
			buildRules = (
			);
			dependencies = (
			);
			name = ObjectiveC;
			productName = ObjectiveC;
			productReference = FC179D19293E028900CD0ED9 /* ObjectiveC.app */;
			productType = "com.apple.product-type.application";
		};
		FC179D33293E028C00CD0ED9 /* ObjectiveCTests */ = {
			isa = PBXNativeTarget;
			buildConfigurationList = FC179D4B293E028C00CD0ED9 /* Build configuration list for PBXNativeTarget "ObjectiveCTests" */;
			buildPhases = (
				FD65D2E7C618734B47BB4AC5 /* [CP] Check Pods Manifest.lock */,
				FC179D30293E028C00CD0ED9 /* Sources */,
				FC179D31293E028C00CD0ED9 /* Frameworks */,
				FC179D32293E028C00CD0ED9 /* Resources */,
			);
			buildRules = (
			);
			dependencies = (
				FC179D36293E028C00CD0ED9 /* PBXTargetDependency */,
			);
			name = ObjectiveCTests;
			productName = ObjectiveCTests;
			productReference = FC179D34293E028C00CD0ED9 /* ObjectiveCTests.xctest */;
			productType = "com.apple.product-type.bundle.unit-test";
		};
		FC179D3D293E028C00CD0ED9 /* ObjectiveCUITests */ = {
			isa = PBXNativeTarget;
			buildConfigurationList = FC179D4E293E028C00CD0ED9 /* Build configuration list for PBXNativeTarget "ObjectiveCUITests" */;
			buildPhases = (
				421EA5C157C3646816B1E75F /* [CP] Check Pods Manifest.lock */,
				FC179D3A293E028C00CD0ED9 /* Sources */,
				FC179D3B293E028C00CD0ED9 /* Frameworks */,
				FC179D3C293E028C00CD0ED9 /* Resources */,
				07BD1A4DC1D158052DA738D1 /* [CP] Embed Pods Frameworks */,
				FA160F03EEA7B79681C19C85 /* [CP] Copy Pods Resources */,
			);
			buildRules = (
			);
			dependencies = (
				FC179D40293E028C00CD0ED9 /* PBXTargetDependency */,
			);
			name = ObjectiveCUITests;
			productName = ObjectiveCUITests;
			productReference = FC179D3E293E028C00CD0ED9 /* ObjectiveCUITests.xctest */;
			productType = "com.apple.product-type.bundle.ui-testing";
		};
/* End PBXNativeTarget section */

/* Begin PBXProject section */
		FC179D11293E028900CD0ED9 /* Project object */ = {
			isa = PBXProject;
			attributes = {
				BuildIndependentTargetsInParallel = 1;
				LastUpgradeCheck = 1410;
				TargetAttributes = {
					FC179D18293E028900CD0ED9 = {
						CreatedOnToolsVersion = 14.1;
						LastSwiftMigration = 1410;
					};
					FC179D33293E028C00CD0ED9 = {
						CreatedOnToolsVersion = 14.1;
						TestTargetID = FC179D18293E028900CD0ED9;
					};
					FC179D3D293E028C00CD0ED9 = {
						CreatedOnToolsVersion = 14.1;
						TestTargetID = FC179D18293E028900CD0ED9;
					};
				};
			};
			buildConfigurationList = FC179D14293E028900CD0ED9 /* Build configuration list for PBXProject "ObjectiveC" */;
			compatibilityVersion = "Xcode 14.0";
			developmentRegion = en;
			hasScannedForEncodings = 0;
			knownRegions = (
				en,
				Base,
			);
			mainGroup = FC179D10293E028900CD0ED9;
			productRefGroup = FC179D1A293E028900CD0ED9 /* Products */;
			projectDirPath = "";
			projectRoot = "";
			targets = (
				FC179D18293E028900CD0ED9 /* ObjectiveC */,
				FC179D33293E028C00CD0ED9 /* ObjectiveCTests */,
				FC179D3D293E028C00CD0ED9 /* ObjectiveCUITests */,
			);
		};
/* End PBXProject section */

/* Begin PBXResourcesBuildPhase section */
		FC179D17293E028900CD0ED9 /* Resources */ = {
			isa = PBXResourcesBuildPhase;
			buildActionMask = 2147483647;
			files = (
				FC179D2C293E028C00CD0ED9 /* LaunchScreen.storyboard in Resources */,
				FC179D27293E028900CD0ED9 /* Main.storyboard in Resources */,
			);
			runOnlyForDeploymentPostprocessing = 0;
		};
		FC179D32293E028C00CD0ED9 /* Resources */ = {
			isa = PBXResourcesBuildPhase;
			buildActionMask = 2147483647;
			files = (
			);
			runOnlyForDeploymentPostprocessing = 0;
		};
		FC179D3C293E028C00CD0ED9 /* Resources */ = {
			isa = PBXResourcesBuildPhase;
			buildActionMask = 2147483647;
			files = (
			);
			runOnlyForDeploymentPostprocessing = 0;
		};
/* End PBXResourcesBuildPhase section */

/* Begin PBXShellScriptBuildPhase section */
		07BD1A4DC1D158052DA738D1 /* [CP] Embed Pods Frameworks */ = {
			isa = PBXShellScriptBuildPhase;
			buildActionMask = 2147483647;
			files = (
			);
			inputFileListPaths = (
				"${PODS_ROOT}/Target Support Files/Pods-ObjectiveC-ObjectiveCUITests/Pods-ObjectiveC-ObjectiveCUITests-frameworks-${CONFIGURATION}-input-files.xcfilelist",
			);
			name = "[CP] Embed Pods Frameworks";
			outputFileListPaths = (
				"${PODS_ROOT}/Target Support Files/Pods-ObjectiveC-ObjectiveCUITests/Pods-ObjectiveC-ObjectiveCUITests-frameworks-${CONFIGURATION}-output-files.xcfilelist",
			);
			runOnlyForDeploymentPostprocessing = 0;
			shellPath = /bin/sh;
			shellScript = "\"${PODS_ROOT}/Target Support Files/Pods-ObjectiveC-ObjectiveCUITests/Pods-ObjectiveC-ObjectiveCUITests-frameworks.sh\"\n";
			showEnvVarsInLog = 0;
		};
		3B9F2FEBCA39A19D73191E5E /* [CP] Copy Pods Resources */ = {
			isa = PBXShellScriptBuildPhase;
			buildActionMask = 2147483647;
			files = (
			);
			inputFileListPaths = (
				"${PODS_ROOT}/Target Support Files/Pods-ObjectiveC/Pods-ObjectiveC-resources-${CONFIGURATION}-input-files.xcfilelist",
			);
			name = "[CP] Copy Pods Resources";
			outputFileListPaths = (
				"${PODS_ROOT}/Target Support Files/Pods-ObjectiveC/Pods-ObjectiveC-resources-${CONFIGURATION}-output-files.xcfilelist",
			);
			runOnlyForDeploymentPostprocessing = 0;
			shellPath = /bin/sh;
			shellScript = "\"${PODS_ROOT}/Target Support Files/Pods-ObjectiveC/Pods-ObjectiveC-resources.sh\"\n";
			showEnvVarsInLog = 0;
		};
		421EA5C157C3646816B1E75F /* [CP] Check Pods Manifest.lock */ = {
			isa = PBXShellScriptBuildPhase;
			buildActionMask = 2147483647;
			files = (
			);
			inputFileListPaths = (
			);
			inputPaths = (
				"${PODS_PODFILE_DIR_PATH}/Podfile.lock",
				"${PODS_ROOT}/Manifest.lock",
			);
			name = "[CP] Check Pods Manifest.lock";
			outputFileListPaths = (
			);
			outputPaths = (
				"$(DERIVED_FILE_DIR)/Pods-ObjectiveC-ObjectiveCUITests-checkManifestLockResult.txt",
			);
			runOnlyForDeploymentPostprocessing = 0;
			shellPath = /bin/sh;
			shellScript = "diff \"${PODS_PODFILE_DIR_PATH}/Podfile.lock\" \"${PODS_ROOT}/Manifest.lock\" > /dev/null\nif [ $? != 0 ] ; then\n    # print error to STDERR\n    echo \"error: The sandbox is not in sync with the Podfile.lock. Run 'pod install' or update your CocoaPods installation.\" >&2\n    exit 1\nfi\n# This output is used by Xcode 'outputs' to avoid re-running this script phase.\necho \"SUCCESS\" > \"${SCRIPT_OUTPUT_FILE_0}\"\n";
			showEnvVarsInLog = 0;
		};
		71FE099F995006B7C9D2B933 /* [CP] Check Pods Manifest.lock */ = {
			isa = PBXShellScriptBuildPhase;
			buildActionMask = 2147483647;
			files = (
			);
			inputFileListPaths = (
			);
			inputPaths = (
				"${PODS_PODFILE_DIR_PATH}/Podfile.lock",
				"${PODS_ROOT}/Manifest.lock",
			);
			name = "[CP] Check Pods Manifest.lock";
			outputFileListPaths = (
			);
			outputPaths = (
				"$(DERIVED_FILE_DIR)/Pods-ObjectiveC-checkManifestLockResult.txt",
			);
			runOnlyForDeploymentPostprocessing = 0;
			shellPath = /bin/sh;
			shellScript = "diff \"${PODS_PODFILE_DIR_PATH}/Podfile.lock\" \"${PODS_ROOT}/Manifest.lock\" > /dev/null\nif [ $? != 0 ] ; then\n    # print error to STDERR\n    echo \"error: The sandbox is not in sync with the Podfile.lock. Run 'pod install' or update your CocoaPods installation.\" >&2\n    exit 1\nfi\n# This output is used by Xcode 'outputs' to avoid re-running this script phase.\necho \"SUCCESS\" > \"${SCRIPT_OUTPUT_FILE_0}\"\n";
			showEnvVarsInLog = 0;
		};
		942D4F5C394E0C4FC7ED069A /* [CP] Embed Pods Frameworks */ = {
			isa = PBXShellScriptBuildPhase;
			buildActionMask = 2147483647;
			files = (
			);
			inputFileListPaths = (
				"${PODS_ROOT}/Target Support Files/Pods-ObjectiveC/Pods-ObjectiveC-frameworks-${CONFIGURATION}-input-files.xcfilelist",
			);
			name = "[CP] Embed Pods Frameworks";
			outputFileListPaths = (
				"${PODS_ROOT}/Target Support Files/Pods-ObjectiveC/Pods-ObjectiveC-frameworks-${CONFIGURATION}-output-files.xcfilelist",
			);
			runOnlyForDeploymentPostprocessing = 0;
			shellPath = /bin/sh;
			shellScript = "\"${PODS_ROOT}/Target Support Files/Pods-ObjectiveC/Pods-ObjectiveC-frameworks.sh\"\n";
			showEnvVarsInLog = 0;
		};
		FA160F03EEA7B79681C19C85 /* [CP] Copy Pods Resources */ = {
			isa = PBXShellScriptBuildPhase;
			buildActionMask = 2147483647;
			files = (
			);
			inputFileListPaths = (
				"${PODS_ROOT}/Target Support Files/Pods-ObjectiveC-ObjectiveCUITests/Pods-ObjectiveC-ObjectiveCUITests-resources-${CONFIGURATION}-input-files.xcfilelist",
			);
			name = "[CP] Copy Pods Resources";
			outputFileListPaths = (
				"${PODS_ROOT}/Target Support Files/Pods-ObjectiveC-ObjectiveCUITests/Pods-ObjectiveC-ObjectiveCUITests-resources-${CONFIGURATION}-output-files.xcfilelist",
			);
			runOnlyForDeploymentPostprocessing = 0;
			shellPath = /bin/sh;
			shellScript = "\"${PODS_ROOT}/Target Support Files/Pods-ObjectiveC-ObjectiveCUITests/Pods-ObjectiveC-ObjectiveCUITests-resources.sh\"\n";
			showEnvVarsInLog = 0;
		};
		FD65D2E7C618734B47BB4AC5 /* [CP] Check Pods Manifest.lock */ = {
			isa = PBXShellScriptBuildPhase;
			buildActionMask = 2147483647;
			files = (
			);
			inputFileListPaths = (
			);
			inputPaths = (
				"${PODS_PODFILE_DIR_PATH}/Podfile.lock",
				"${PODS_ROOT}/Manifest.lock",
			);
			name = "[CP] Check Pods Manifest.lock";
			outputFileListPaths = (
			);
			outputPaths = (
				"$(DERIVED_FILE_DIR)/Pods-ObjectiveCTests-checkManifestLockResult.txt",
			);
			runOnlyForDeploymentPostprocessing = 0;
			shellPath = /bin/sh;
			shellScript = "diff \"${PODS_PODFILE_DIR_PATH}/Podfile.lock\" \"${PODS_ROOT}/Manifest.lock\" > /dev/null\nif [ $? != 0 ] ; then\n    # print error to STDERR\n    echo \"error: The sandbox is not in sync with the Podfile.lock. Run 'pod install' or update your CocoaPods installation.\" >&2\n    exit 1\nfi\n# This output is used by Xcode 'outputs' to avoid re-running this script phase.\necho \"SUCCESS\" > \"${SCRIPT_OUTPUT_FILE_0}\"\n";
			showEnvVarsInLog = 0;
		};
/* End PBXShellScriptBuildPhase section */

/* Begin PBXSourcesBuildPhase section */
		FC179D15293E028900CD0ED9 /* Sources */ = {
			isa = PBXSourcesBuildPhase;
			buildActionMask = 2147483647;
			files = (
				FC179D24293E028900CD0ED9 /* ViewController.m in Sources */,
				FCAB3197293E042F00FADD4B /* BFile.swift in Sources */,
				FC179D1E293E028900CD0ED9 /* AppDelegate.m in Sources */,
				FC179D2F293E028C00CD0ED9 /* main.m in Sources */,
				FC179D21293E028900CD0ED9 /* SceneDelegate.m in Sources */,
			);
			runOnlyForDeploymentPostprocessing = 0;
		};
		FC179D30293E028C00CD0ED9 /* Sources */ = {
			isa = PBXSourcesBuildPhase;
			buildActionMask = 2147483647;
			files = (
				FC179D39293E028C00CD0ED9 /* ObjectiveCTests.m in Sources */,
			);
			runOnlyForDeploymentPostprocessing = 0;
		};
		FC179D3A293E028C00CD0ED9 /* Sources */ = {
			isa = PBXSourcesBuildPhase;
			buildActionMask = 2147483647;
			files = (
				FC179D45293E028C00CD0ED9 /* ObjectiveCUITestsLaunchTests.m in Sources */,
				FC179D43293E028C00CD0ED9 /* ObjectiveCUITests.m in Sources */,
			);
			runOnlyForDeploymentPostprocessing = 0;
		};
/* End PBXSourcesBuildPhase section */

/* Begin PBXTargetDependency section */
		FC179D36293E028C00CD0ED9 /* PBXTargetDependency */ = {
			isa = PBXTargetDependency;
			target = FC179D18293E028900CD0ED9 /* ObjectiveC */;
			targetProxy = FC179D35293E028C00CD0ED9 /* PBXContainerItemProxy */;
		};
		FC179D40293E028C00CD0ED9 /* PBXTargetDependency */ = {
			isa = PBXTargetDependency;
			target = FC179D18293E028900CD0ED9 /* ObjectiveC */;
			targetProxy = FC179D3F293E028C00CD0ED9 /* PBXContainerItemProxy */;
		};
/* End PBXTargetDependency section */

/* Begin PBXVariantGroup section */
		FC179D25293E028900CD0ED9 /* Main.storyboard */ = {
			isa = PBXVariantGroup;
			children = (
				FC179D26293E028900CD0ED9 /* Base */,
			);
			name = Main.storyboard;
			sourceTree = "<group>";
		};
		FC179D2A293E028C00CD0ED9 /* LaunchScreen.storyboard */ = {
			isa = PBXVariantGroup;
			children = (
				FC179D2B293E028C00CD0ED9 /* Base */,
			);
			name = LaunchScreen.storyboard;
			sourceTree = "<group>";
		};
/* End PBXVariantGroup section */

/* Begin XCBuildConfiguration section */
		FC179D46293E028C00CD0ED9 /* Debug */ = {
			isa = XCBuildConfiguration;
			buildSettings = {
				ALWAYS_SEARCH_USER_PATHS = NO;
				CLANG_ANALYZER_NONNULL = YES;
				CLANG_ANALYZER_NUMBER_OBJECT_CONVERSION = YES_AGGRESSIVE;
				CLANG_CXX_LANGUAGE_STANDARD = "gnu++20";
				CLANG_ENABLE_MODULES = YES;
				CLANG_ENABLE_OBJC_ARC = YES;
				CLANG_ENABLE_OBJC_WEAK = YES;
				CLANG_WARN_BLOCK_CAPTURE_AUTORELEASING = YES;
				CLANG_WARN_BOOL_CONVERSION = YES;
				CLANG_WARN_COMMA = YES;
				CLANG_WARN_CONSTANT_CONVERSION = YES;
				CLANG_WARN_DEPRECATED_OBJC_IMPLEMENTATIONS = YES;
				CLANG_WARN_DIRECT_OBJC_ISA_USAGE = YES_ERROR;
				CLANG_WARN_DOCUMENTATION_COMMENTS = YES;
				CLANG_WARN_EMPTY_BODY = YES;
				CLANG_WARN_ENUM_CONVERSION = YES;
				CLANG_WARN_INFINITE_RECURSION = YES;
				CLANG_WARN_INT_CONVERSION = YES;
				CLANG_WARN_NON_LITERAL_NULL_CONVERSION = YES;
				CLANG_WARN_OBJC_IMPLICIT_RETAIN_SELF = YES;
				CLANG_WARN_OBJC_LITERAL_CONVERSION = YES;
				CLANG_WARN_OBJC_ROOT_CLASS = YES_ERROR;
				CLANG_WARN_QUOTED_INCLUDE_IN_FRAMEWORK_HEADER = YES;
				CLANG_WARN_RANGE_LOOP_ANALYSIS = YES;
				CLANG_WARN_STRICT_PROTOTYPES = YES;
				CLANG_WARN_SUSPICIOUS_MOVE = YES;
				CLANG_WARN_UNGUARDED_AVAILABILITY = YES_AGGRESSIVE;
				CLANG_WARN_UNREACHABLE_CODE = YES;
				CLANG_WARN__DUPLICATE_METHOD_MATCH = YES;
				COPY_PHASE_STRIP = NO;
				DEBUG_INFORMATION_FORMAT = dwarf;
				ENABLE_STRICT_OBJC_MSGSEND = YES;
				ENABLE_TESTABILITY = YES;
				GCC_C_LANGUAGE_STANDARD = gnu11;
				GCC_DYNAMIC_NO_PIC = NO;
				GCC_NO_COMMON_BLOCKS = YES;
				GCC_OPTIMIZATION_LEVEL = 0;
				GCC_PREPROCESSOR_DEFINITIONS = (
					"DEBUG=1",
					"$(inherited)",
				);
				GCC_WARN_64_TO_32_BIT_CONVERSION = YES;
				GCC_WARN_ABOUT_RETURN_TYPE = YES_ERROR;
				GCC_WARN_UNDECLARED_SELECTOR = YES;
				GCC_WARN_UNINITIALIZED_AUTOS = YES_AGGRESSIVE;
				GCC_WARN_UNUSED_FUNCTION = YES;
				GCC_WARN_UNUSED_VARIABLE = YES;
				IPHONEOS_DEPLOYMENT_TARGET = 16.1;
				MTL_ENABLE_DEBUG_INFO = INCLUDE_SOURCE;
				MTL_FAST_MATH = YES;
				ONLY_ACTIVE_ARCH = YES;
				SDKROOT = iphoneos;
			};
			name = Debug;
		};
		FC179D47293E028C00CD0ED9 /* Release */ = {
			isa = XCBuildConfiguration;
			buildSettings = {
				ALWAYS_SEARCH_USER_PATHS = NO;
				CLANG_ANALYZER_NONNULL = YES;
				CLANG_ANALYZER_NUMBER_OBJECT_CONVERSION = YES_AGGRESSIVE;
				CLANG_CXX_LANGUAGE_STANDARD = "gnu++20";
				CLANG_ENABLE_MODULES = YES;
				CLANG_ENABLE_OBJC_ARC = YES;
				CLANG_ENABLE_OBJC_WEAK = YES;
				CLANG_WARN_BLOCK_CAPTURE_AUTORELEASING = YES;
				CLANG_WARN_BOOL_CONVERSION = YES;
				CLANG_WARN_COMMA = YES;
				CLANG_WARN_CONSTANT_CONVERSION = YES;
				CLANG_WARN_DEPRECATED_OBJC_IMPLEMENTATIONS = YES;
				CLANG_WARN_DIRECT_OBJC_ISA_USAGE = YES_ERROR;
				CLANG_WARN_DOCUMENTATION_COMMENTS = YES;
				CLANG_WARN_EMPTY_BODY = YES;
				CLANG_WARN_ENUM_CONVERSION = YES;
				CLANG_WARN_INFINITE_RECURSION = YES;
				CLANG_WARN_INT_CONVERSION = YES;
				CLANG_WARN_NON_LITERAL_NULL_CONVERSION = YES;
				CLANG_WARN_OBJC_IMPLICIT_RETAIN_SELF = YES;
				CLANG_WARN_OBJC_LITERAL_CONVERSION = YES;
				CLANG_WARN_OBJC_ROOT_CLASS = YES_ERROR;
				CLANG_WARN_QUOTED_INCLUDE_IN_FRAMEWORK_HEADER = YES;
				CLANG_WARN_RANGE_LOOP_ANALYSIS = YES;
				CLANG_WARN_STRICT_PROTOTYPES = YES;
				CLANG_WARN_SUSPICIOUS_MOVE = YES;
				CLANG_WARN_UNGUARDED_AVAILABILITY = YES_AGGRESSIVE;
				CLANG_WARN_UNREACHABLE_CODE = YES;
				CLANG_WARN__DUPLICATE_METHOD_MATCH = YES;
				COPY_PHASE_STRIP = NO;
				DEBUG_INFORMATION_FORMAT = "dwarf-with-dsym";
				ENABLE_NS_ASSERTIONS = NO;
				ENABLE_STRICT_OBJC_MSGSEND = YES;
				GCC_C_LANGUAGE_STANDARD = gnu11;
				GCC_NO_COMMON_BLOCKS = YES;
				GCC_WARN_64_TO_32_BIT_CONVERSION = YES;
				GCC_WARN_ABOUT_RETURN_TYPE = YES_ERROR;
				GCC_WARN_UNDECLARED_SELECTOR = YES;
				GCC_WARN_UNINITIALIZED_AUTOS = YES_AGGRESSIVE;
				GCC_WARN_UNUSED_FUNCTION = YES;
				GCC_WARN_UNUSED_VARIABLE = YES;
				IPHONEOS_DEPLOYMENT_TARGET = 16.1;
				MTL_ENABLE_DEBUG_INFO = NO;
				MTL_FAST_MATH = YES;
				SDKROOT = iphoneos;
				VALIDATE_PRODUCT = YES;
			};
			name = Release;
		};
		FC179D49293E028C00CD0ED9 /* Debug */ = {
			isa = XCBuildConfiguration;
			baseConfigurationReference = FBC4AC6424F1A255D54DD798 /* Pods-ObjectiveC.debug.xcconfig */;
			buildSettings = {
				ASSETCATALOG_COMPILER_APPICON_NAME = AppIcon;
				ASSETCATALOG_COMPILER_GLOBAL_ACCENT_COLOR_NAME = AccentColor;
				CLANG_ENABLE_MODULES = YES;
				CODE_SIGN_STYLE = Automatic;
				CURRENT_PROJECT_VERSION = 1;
				DEVELOPMENT_TEAM = J578FXQJXK;
				GENERATE_INFOPLIST_FILE = YES;
				INFOPLIST_FILE = ObjectiveC/Info.plist;
				INFOPLIST_KEY_UIApplicationSupportsIndirectInputEvents = YES;
				INFOPLIST_KEY_UILaunchStoryboardName = LaunchScreen;
				INFOPLIST_KEY_UIMainStoryboardFile = Main;
				INFOPLIST_KEY_UISupportedInterfaceOrientations_iPad = "UIInterfaceOrientationPortrait UIInterfaceOrientationPortraitUpsideDown UIInterfaceOrientationLandscapeLeft UIInterfaceOrientationLandscapeRight";
				INFOPLIST_KEY_UISupportedInterfaceOrientations_iPhone = "UIInterfaceOrientationPortrait UIInterfaceOrientationLandscapeLeft UIInterfaceOrientationLandscapeRight";
				LD_RUNPATH_SEARCH_PATHS = (
					"$(inherited)",
					"@executable_path/Frameworks",
				);
				MARKETING_VERSION = 1.0;
				PRODUCT_BUNDLE_IDENTIFIER = com.didou.ObjectiveC;
				PRODUCT_NAME = "$(TARGET_NAME)";
				SWIFT_EMIT_LOC_STRINGS = YES;
				SWIFT_OBJC_BRIDGING_HEADER = "ObjectiveC/ObjectiveC-Bridging-Header.h";
				SWIFT_OPTIMIZATION_LEVEL = "-Onone";
				SWIFT_VERSION = 5.0;
				TARGETED_DEVICE_FAMILY = "1,2";
			};
			name = Debug;
		};
		FC179D4A293E028C00CD0ED9 /* Release */ = {
			isa = XCBuildConfiguration;
			baseConfigurationReference = 14EF44C8DF5CC2DE8017AE30 /* Pods-ObjectiveC.release.xcconfig */;
			buildSettings = {
				ASSETCATALOG_COMPILER_APPICON_NAME = AppIcon;
				ASSETCATALOG_COMPILER_GLOBAL_ACCENT_COLOR_NAME = AccentColor;
				CLANG_ENABLE_MODULES = YES;
				CODE_SIGN_STYLE = Automatic;
				CURRENT_PROJECT_VERSION = 1;
				DEVELOPMENT_TEAM = J578FXQJXK;
				GENERATE_INFOPLIST_FILE = YES;
				INFOPLIST_FILE = ObjectiveC/Info.plist;
				INFOPLIST_KEY_UIApplicationSupportsIndirectInputEvents = YES;
				INFOPLIST_KEY_UILaunchStoryboardName = LaunchScreen;
				INFOPLIST_KEY_UIMainStoryboardFile = Main;
				INFOPLIST_KEY_UISupportedInterfaceOrientations_iPad = "UIInterfaceOrientationPortrait UIInterfaceOrientationPortraitUpsideDown UIInterfaceOrientationLandscapeLeft UIInterfaceOrientationLandscapeRight";
				INFOPLIST_KEY_UISupportedInterfaceOrientations_iPhone = "UIInterfaceOrientationPortrait UIInterfaceOrientationLandscapeLeft UIInterfaceOrientationLandscapeRight";
				LD_RUNPATH_SEARCH_PATHS = (
					"$(inherited)",
					"@executable_path/Frameworks",
				);
				MARKETING_VERSION = 1.0;
				PRODUCT_BUNDLE_IDENTIFIER = com.didou.ObjectiveC;
				PRODUCT_NAME = "$(TARGET_NAME)";
				SWIFT_EMIT_LOC_STRINGS = YES;
				SWIFT_OBJC_BRIDGING_HEADER = "ObjectiveC/ObjectiveC-Bridging-Header.h";
				SWIFT_VERSION = 5.0;
				TARGETED_DEVICE_FAMILY = "1,2";
			};
			name = Release;
		};
		FC179D4C293E028C00CD0ED9 /* Debug */ = {
			isa = XCBuildConfiguration;
			baseConfigurationReference = EB29897AD8AA9EFBC4F5EDC2 /* Pods-ObjectiveCTests.debug.xcconfig */;
			buildSettings = {
				ALWAYS_EMBED_SWIFT_STANDARD_LIBRARIES = YES;
				BUNDLE_LOADER = "$(TEST_HOST)";
				CODE_SIGN_STYLE = Automatic;
				CURRENT_PROJECT_VERSION = 1;
				DEVELOPMENT_TEAM = J578FXQJXK;
				GENERATE_INFOPLIST_FILE = YES;
				IPHONEOS_DEPLOYMENT_TARGET = 16.1;
				MARKETING_VERSION = 1.0;
				PRODUCT_BUNDLE_IDENTIFIER = com.didou.ObjectiveCTests;
				PRODUCT_NAME = "$(TARGET_NAME)";
				SWIFT_EMIT_LOC_STRINGS = NO;
				TARGETED_DEVICE_FAMILY = "1,2";
				TEST_HOST = "$(BUILT_PRODUCTS_DIR)/ObjectiveC.app/$(BUNDLE_EXECUTABLE_FOLDER_PATH)/ObjectiveC";
			};
			name = Debug;
		};
		FC179D4D293E028C00CD0ED9 /* Release */ = {
			isa = XCBuildConfiguration;
			baseConfigurationReference = D05831AE90CE3320B3F5D65C /* Pods-ObjectiveCTests.release.xcconfig */;
			buildSettings = {
				ALWAYS_EMBED_SWIFT_STANDARD_LIBRARIES = YES;
				BUNDLE_LOADER = "$(TEST_HOST)";
				CODE_SIGN_STYLE = Automatic;
				CURRENT_PROJECT_VERSION = 1;
				DEVELOPMENT_TEAM = J578FXQJXK;
				GENERATE_INFOPLIST_FILE = YES;
				IPHONEOS_DEPLOYMENT_TARGET = 16.1;
				MARKETING_VERSION = 1.0;
				PRODUCT_BUNDLE_IDENTIFIER = com.didou.ObjectiveCTests;
				PRODUCT_NAME = "$(TARGET_NAME)";
				SWIFT_EMIT_LOC_STRINGS = NO;
				TARGETED_DEVICE_FAMILY = "1,2";
				TEST_HOST = "$(BUILT_PRODUCTS_DIR)/ObjectiveC.app/$(BUNDLE_EXECUTABLE_FOLDER_PATH)/ObjectiveC";
			};
			name = Release;
		};
		FC179D4F293E028C00CD0ED9 /* Debug */ = {
			isa = XCBuildConfiguration;
			baseConfigurationReference = E4179313633F02764EF4E3B0 /* Pods-ObjectiveC-ObjectiveCUITests.debug.xcconfig */;
			buildSettings = {
				ALWAYS_EMBED_SWIFT_STANDARD_LIBRARIES = YES;
				CODE_SIGN_STYLE = Automatic;
				CURRENT_PROJECT_VERSION = 1;
				DEVELOPMENT_TEAM = J578FXQJXK;
				GENERATE_INFOPLIST_FILE = YES;
				MARKETING_VERSION = 1.0;
				PRODUCT_BUNDLE_IDENTIFIER = com.didou.ObjectiveCUITests;
				PRODUCT_NAME = "$(TARGET_NAME)";
				SWIFT_EMIT_LOC_STRINGS = NO;
				TARGETED_DEVICE_FAMILY = "1,2";
				TEST_TARGET_NAME = ObjectiveC;
			};
			name = Debug;
		};
		FC179D50293E028C00CD0ED9 /* Release */ = {
			isa = XCBuildConfiguration;
			baseConfigurationReference = CA19BE3DF24D2E5E0B5B91E5 /* Pods-ObjectiveC-ObjectiveCUITests.release.xcconfig */;
			buildSettings = {
				ALWAYS_EMBED_SWIFT_STANDARD_LIBRARIES = YES;
				CODE_SIGN_STYLE = Automatic;
				CURRENT_PROJECT_VERSION = 1;
				DEVELOPMENT_TEAM = J578FXQJXK;
				GENERATE_INFOPLIST_FILE = YES;
				MARKETING_VERSION = 1.0;
				PRODUCT_BUNDLE_IDENTIFIER = com.didou.ObjectiveCUITests;
				PRODUCT_NAME = "$(TARGET_NAME)";
				SWIFT_EMIT_LOC_STRINGS = NO;
				TARGETED_DEVICE_FAMILY = "1,2";
				TEST_TARGET_NAME = ObjectiveC;
			};
			name = Release;
		};
/* End XCBuildConfiguration section */

/* Begin XCConfigurationList section */
		FC179D14293E028900CD0ED9 /* Build configuration list for PBXProject "ObjectiveC" */ = {
			isa = XCConfigurationList;
			buildConfigurations = (
				FC179D46293E028C00CD0ED9 /* Debug */,
				FC179D47293E028C00CD0ED9 /* Release */,
			);
			defaultConfigurationIsVisible = 0;
			defaultConfigurationName = Release;
		};
		FC179D48293E028C00CD0ED9 /* Build configuration list for PBXNativeTarget "ObjectiveC" */ = {
			isa = XCConfigurationList;
			buildConfigurations = (
				FC179D49293E028C00CD0ED9 /* Debug */,
				FC179D4A293E028C00CD0ED9 /* Release */,
			);
			defaultConfigurationIsVisible = 0;
			defaultConfigurationName = Release;
		};
		FC179D4B293E028C00CD0ED9 /* Build configuration list for PBXNativeTarget "ObjectiveCTests" */ = {
			isa = XCConfigurationList;
			buildConfigurations = (
				FC179D4C293E028C00CD0ED9 /* Debug */,
				FC179D4D293E028C00CD0ED9 /* Release */,
			);
			defaultConfigurationIsVisible = 0;
			defaultConfigurationName = Release;
		};
		FC179D4E293E028C00CD0ED9 /* Build configuration list for PBXNativeTarget "ObjectiveCUITests" */ = {
			isa = XCConfigurationList;
			buildConfigurations = (
				FC179D4F293E028C00CD0ED9 /* Debug */,
				FC179D50293E028C00CD0ED9 /* Release */,
			);
			defaultConfigurationIsVisible = 0;
			defaultConfigurationName = Release;
		};
/* End XCConfigurationList section */
	};
	rootObject = FC179D11293E028900CD0ED9 /* Project object */;
}
