PODS:
  - Alamofire (5.6.1)
  - Analytics (4.1.6)
  - ComplyCubeMobileSDK (0.0.4):
    - Alamofire (= 5.6.1)
    - Analytics (~> 4.1)
    - JGProgressHUD (= 2.1)
    - JWTDecode (~> 2.6.3)
    - Sentry
    - SwiftyJSON (= 4.0)
  - JGProgressHUD (2.1)
  - JWTDecode (2.6.3)
  - Sentry (7.31.2):
    - Sentry/Core (= 7.31.2)
  - Sentry/Core (7.31.2)
  - SwiftyJSON (4.0.0)

DEPENDENCIES:
  - ComplyCubeMobileSDK
  - Sentry

SPEC REPOS:
  https://complycube.jfrog.io/artifactory/api/pods/complycube-mobilesdk-cocoapods-local:
    - ComplyCubeMobileSDK
  trunk:
    - Alamofire
    - Analytics
    - JGProgressHUD
    - JWTDecode
    - Sentry
    - SwiftyJSON

SPEC CHECKSUMS:
  Alamofire: 87bd8c952f9a4454320fce00d9cc3de57bcadaf5
  Analytics: eefe524436f904b8bb3f8c8c3425280e43b34efc
  ComplyCubeMobileSDK: 6302fe71da08a9b2f9e809a4a21c41b353fe8326
  JGProgressHUD: aa403e9a5b45cae98903c4600cccdd98c0c3ec90
  JWTDecode: 33e5e26e5ddbd21b2065820894c08fef0cad9509
  Sentry: b15765d11769852fe78c9add942f7df60ed5dbf5
  SwiftyJSON: 070dabdcb1beb81b247c65ffa3a79dbbfb3b48aa

PODFILE CHECKSUM: 3bd8efc054f70df62d68101d4bc0b157c87a2914

COCOAPODS: 1.11.3
