PODS:
  - Analytics (4.1.0)
  - AppAuth (2.0.0):
    - AppAuth/Core (= 2.0.0)
    - AppAuth/ExternalUserAgent (= 2.0.0)
  - AppAuth/Core (2.0.0)
  - AppAuth/ExternalUserAgent (2.0.0):
    - AppAuth/Core
  - ComplyCubeMobileSDK (2.1.0):
    - Analytics (= 4.1)
    - AppAuth (= 2.0.0)
    - FingerprintPro (= 2.12.0)
    - GooglePlaces (= 7.4.0)
    - JWTDecode (= 2.6.3)
    - lottie-ios (= 4.5.1)
    - Sentry (= 8.49.0)
  - FingerprintPro (2.12.0)
  - GooglePlaces (7.4.0)
  - JWTDecode (2.6.3)
  - lottie-ios (4.5.1)
  - Sentry (8.49.0):
    - Sentry/Core (= 8.49.0)
  - Sentry/Core (8.49.0)

DEPENDENCIES:
  - ComplyCubeMobileSDK (= 2.1.0)

SPEC REPOS:
  trunk:
    - Analytics
    - AppAuth
    - ComplyCubeMobileSDK
    - FingerprintPro
    - GooglePlaces
    - JWTDecode
    - lottie-ios
    - Sentry

SPEC CHECKSUMS:
  Analytics: 21202e6dee8b74c73944084d2f876ce5cfd65e07
  AppAuth: 1c1a8afa7e12f2ec3a294d9882dfa5ab7d3cb063
  ComplyCubeMobileSDK: aa90bd4ec4ce44d2267e4fda9891d1069a998b8b
  FingerprintPro: 035517a1b4e3e4fc073486b53b9956509010f8db
  GooglePlaces: 544e908d94860bf6f8fc1865b80d2c7eb6b5f937
  JWTDecode: 33e5e26e5ddbd21b2065820894c08fef0cad9509
  lottie-ios: 248b380fa1b97d18e792c37d90da7ab2aa0d6562
  Sentry: 5eda2559a20fa0c377b695ed9d7c178a47122891

PODFILE CHECKSUM: cc5fba10d6099a746c400be4070ba4189aad567e

COCOAPODS: 1.16.2
